
Microsoft Visual Studio Solution File, Format Version 12.00
# Visual Studio 15
VisualStudioVersion = 15.0.27428.2015
MinimumVisualStudioVersion = 10.0.40219.1
Project("{FAE04EC0-301F-11D3-BF4B-00C04F79EFBC}") = "Zapisnik", "Zapisnik\Zapisnik.csproj", "{EEF2586C-136C-4F3F-816C-B8FE6382134B}"
EndProject
Global
	GlobalSection(SolutionConfigurationPlatforms) = preSolution
		Debug|Any CPU = Debug|Any CPU
		Release|Any CPU = Release|Any CPU
	EndGlobalSection
	GlobalSection(ProjectConfigurationPlatforms) = postSolution
		{EEF2586C-136C-4F3F-816C-B8FE6382134B}.Debug|Any CPU.ActiveCfg = Debug|Any CPU
		{EEF2586C-136C-4F3F-816C-B8FE6382134B}.Debug|Any CPU.Build.0 = Debug|Any CPU
		{EEF2586C-136C-4F3F-816C-B8FE6382134B}.Release|Any CPU.ActiveCfg = Release|Any CPU
		{EEF2586C-136C-4F3F-816C-B8FE6382134B}.Release|Any CPU.Build.0 = Release|Any CPU
	EndGlobalSection
	GlobalSection(SolutionProperties) = preSolution
		HideSolutionNode = FALSE
	EndGlobalSection
	GlobalSection(ExtensibilityGlobals) = postSolution
		SolutionGuid = {079C052B-7528-49B1-A33F-C0F3B49B2079}
	EndGlobalSection
EndGlobal
